
Microsoft Visual Studio Solution File, Format Version 12.00
# Visual Studio Version 17
VisualStudioVersion = 17.4.33122.133
MinimumVisualStudioVersion = 10.0.40219.1
Project("{FAE04EC0-301F-11D3-BF4B-00C04F79EFBC}") = "IndianStateCensusAnalyserDay29", "IndianStateCensusAnalyserDay\IndianStateCensusAnalyserDay29.csproj", "{5DB1E005-9023-486C-A4CC-BB0681F8F46A}"
EndProject
Global
	GlobalSection(SolutionConfigurationPlatforms) = preSolution
		Debug|Any CPU = Debug|Any CPU
		Release|Any CPU = Release|Any CPU
	EndGlobalSection
	GlobalSection(ProjectConfigurationPlatforms) = postSolution
		{5DB1E005-9023-486C-A4CC-BB0681F8F46A}.Debug|Any CPU.ActiveCfg = Debug|Any CPU
		{5DB1E005-9023-486C-A4CC-BB0681F8F46A}.Debug|Any CPU.Build.0 = Debug|Any CPU
		{5DB1E005-9023-486C-A4CC-BB0681F8F46A}.Release|Any CPU.ActiveCfg = Release|Any CPU
		{5DB1E005-9023-486C-A4CC-BB0681F8F46A}.Release|Any CPU.Build.0 = Release|Any CPU
	EndGlobalSection
	GlobalSection(SolutionProperties) = preSolution
		HideSolutionNode = FALSE
	EndGlobalSection
	GlobalSection(ExtensibilityGlobals) = postSolution
		SolutionGuid = {DCB54CF7-841D-42F1-8C10-E122F5BAC3F0}
	EndGlobalSection
EndGlobal
